
Microsoft Visual Studio Solution File, Format Version 12.00
# Visual Studio Version 17
VisualStudioVersion = 17.7.34031.279
MinimumVisualStudioVersion = 10.0.40219.1
Project("{FAE04EC0-301F-11D3-BF4B-00C04F79EFBC}") = "Hospital Management System", "Hospital Management System.csproj", "{51F47D13-E07A-48B0-9215-9CC7EA2C9EA5}"
EndProject
Global
	GlobalSection(SolutionConfigurationPlatforms) = preSolution
		Debug|Any CPU = Debug|Any CPU
		Release|Any CPU = Release|Any CPU
	EndGlobalSection
	GlobalSection(ProjectConfigurationPlatforms) = postSolution
		{51F47D13-E07A-48B0-9215-9CC7EA2C9EA5}.Debug|Any CPU.ActiveCfg = Debug|Any CPU
		{51F47D13-E07A-48B0-9215-9CC7EA2C9EA5}.Debug|Any CPU.Build.0 = Debug|Any CPU
		{51F47D13-E07A-48B0-9215-9CC7EA2C9EA5}.Release|Any CPU.ActiveCfg = Release|Any CPU
		{51F47D13-E07A-48B0-9215-9CC7EA2C9EA5}.Release|Any CPU.Build.0 = Release|Any CPU
	EndGlobalSection
	GlobalSection(SolutionProperties) = preSolution
		HideSolutionNode = FALSE
	EndGlobalSection
	GlobalSection(ExtensibilityGlobals) = postSolution
		SolutionGuid = {117495BE-E0BC-45FB-95CA-2782DD5E2757}
	EndGlobalSection
EndGlobal
